
Microsoft Visual Studio Solution File, Format Version 12.00
# Visual Studio Version 17
VisualStudioVersion = 17.9.34728.123
MinimumVisualStudioVersion = 10.0.40219.1
Project("{FAE04EC0-301F-11D3-BF4B-00C04F79EFBC}") = "ToDoList", "ToDoList\ToDoList.csproj", "{B3043480-9907-447C-B3C0-EEE751756EF3}"
EndProject
Global
	GlobalSection(SolutionConfigurationPlatforms) = preSolution
		Debug|Any CPU = Debug|Any CPU
		Release|Any CPU = Release|Any CPU
	EndGlobalSection
	GlobalSection(ProjectConfigurationPlatforms) = postSolution
		{B3043480-9907-447C-B3C0-EEE751756EF3}.Debug|Any CPU.ActiveCfg = Debug|Any CPU
		{B3043480-9907-447C-B3C0-EEE751756EF3}.Debug|Any CPU.Build.0 = Debug|Any CPU
		{B3043480-9907-447C-B3C0-EEE751756EF3}.Release|Any CPU.ActiveCfg = Release|Any CPU
		{B3043480-9907-447C-B3C0-EEE751756EF3}.Release|Any CPU.Build.0 = Release|Any CPU
	EndGlobalSection
	GlobalSection(SolutionProperties) = preSolution
		HideSolutionNode = FALSE
	EndGlobalSection
	GlobalSection(ExtensibilityGlobals) = postSolution
		SolutionGuid = {860D27DF-90EA-477C-87E4-F4F9349D28F9}
	EndGlobalSection
EndGlobal
